// !$*UTF8*$!
{
	archiveVersion = 1;
	classes = {
	};
	objectVersion = 48;
	objects = {

/* Begin PBXBuildFile section */
		041184321EF3B71C0054A00C /* TMAPIHandler.swift in Sources */ = {isa = PBXBuildFile; fileRef = 041184311EF3B71C0054A00C /* TMAPIHandler.swift */; };
		041184341EF3B7380054A00C /* EntityStuff.swift in Sources */ = {isa = PBXBuildFile; fileRef = 041184331EF3B7380054A00C /* EntityStuff.swift */; };
		0411843D1EF3C2050054A00C /* GeoHashAPIHandler.swift in Sources */ = {isa = PBXBuildFile; fileRef = 0411843C1EF3C2050054A00C /* GeoHashAPIHandler.swift */; };
		0432DB0C1F1B6E8C004EC04A /* Array+Random.swift in Sources */ = {isa = PBXBuildFile; fileRef = 0432DB0B1F1B6E8C004EC04A /* Array+Random.swift */; };
		0432DB111F1B750C004EC04A /* ChosenEventViewModel.swift in Sources */ = {isa = PBXBuildFile; fileRef = 0432DB101F1B750C004EC04A /* ChosenEventViewModel.swift */; };
		0432DB121F1B7583004EC04A /* ChosenEventViewController.swift in Sources */ = {isa = PBXBuildFile; fileRef = 0432DB0F1F1B74EE004EC04A /* ChosenEventViewController.swift */; };
		0432DB131F1B7588004EC04A /* ChosenEventViewController.xib in Resources */ = {isa = PBXBuildFile; fileRef = 0432DB0E1F1B74EE004EC04A /* ChosenEventViewController.xib */; };
		0432DB171F1B8319004EC04A /* String+Size.swift in Sources */ = {isa = PBXBuildFile; fileRef = 0432DB161F1B8319004EC04A /* String+Size.swift */; };
		04408C8A1EF7F0E200788063 /* FetchEventsViewController.swift in Sources */ = {isa = PBXBuildFile; fileRef = 04408C891EF7F0E200788063 /* FetchEventsViewController.swift */; };
		04408C8C1EF7F1C600788063 /* Icons.xcassets in Resources */ = {isa = PBXBuildFile; fileRef = 04408C8B1EF7F1C600788063 /* Icons.xcassets */; };
		04408C8E1EF7FC4500788063 /* CustomFadeInTransition.swift in Sources */ = {isa = PBXBuildFile; fileRef = 04408C8D1EF7FC4500788063 /* CustomFadeInTransition.swift */; };
		04408C901EF7FD2300788063 /* CustomFadeInNavigationControllerDelegate.swift in Sources */ = {isa = PBXBuildFile; fileRef = 04408C8F1EF7FD2300788063 /* CustomFadeInNavigationControllerDelegate.swift */; };
		04408C921EF8002200788063 /* DelayedSplashTransition.swift in Sources */ = {isa = PBXBuildFile; fileRef = 04408C911EF8002200788063 /* DelayedSplashTransition.swift */; };
		04408C951EF8044D00788063 /* EventEntity.swift in Sources */ = {isa = PBXBuildFile; fileRef = 04408C941EF8044D00788063 /* EventEntity.swift */; };
		04408C971EF81EE900788063 /* FilterCollectionViewCell.swift in Sources */ = {isa = PBXBuildFile; fileRef = 04408C961EF81EE900788063 /* FilterCollectionViewCell.swift */; };
		04408C9B1EF8209B00788063 /* FiltersViewController.swift in Sources */ = {isa = PBXBuildFile; fileRef = 04408C9A1EF81FF000788063 /* FiltersViewController.swift */; };
		0452DEA41F000C93002E27CC /* EventEntityParser.swift in Sources */ = {isa = PBXBuildFile; fileRef = 0452DEA31F000C93002E27CC /* EventEntityParser.swift */; };
		0452DEA61F000E33002E27CC /* UIView+Animation.swift in Sources */ = {isa = PBXBuildFile; fileRef = 0452DEA51F000E33002E27CC /* UIView+Animation.swift */; };
		04705D021EF32B230011B236 /* AppDelegate.swift in Sources */ = {isa = PBXBuildFile; fileRef = 04705D011EF32B230011B236 /* AppDelegate.swift */; };
		04705D071EF32B230011B236 /* Main.storyboard in Resources */ = {isa = PBXBuildFile; fileRef = 04705D051EF32B230011B236 /* Main.storyboard */; };
		04705D091EF32B230011B236 /* Assets.xcassets in Resources */ = {isa = PBXBuildFile; fileRef = 04705D081EF32B230011B236 /* Assets.xcassets */; };
		04705D0C1EF32B230011B236 /* LaunchScreen.storyboard in Resources */ = {isa = PBXBuildFile; fileRef = 04705D0A1EF32B230011B236 /* LaunchScreen.storyboard */; };
		047B8AF31EF3F3A60024C293 /* TFLAPIHandler.swift in Sources */ = {isa = PBXBuildFile; fileRef = 047B8AF21EF3F3A60024C293 /* TFLAPIHandler.swift */; };
		047B8AF51EF3F6200024C293 /* FiltersViewModel.swift in Sources */ = {isa = PBXBuildFile; fileRef = 047B8AF41EF3F6200024C293 /* FiltersViewModel.swift */; };
		047B8AF71EF3FFBA0024C293 /* EventsModel.swift in Sources */ = {isa = PBXBuildFile; fileRef = 047B8AF61EF3FFBA0024C293 /* EventsModel.swift */; };
		047B8AF91EF41BB10024C293 /* TMPricingAPIHandler.swift in Sources */ = {isa = PBXBuildFile; fileRef = 047B8AF81EF41BB10024C293 /* TMPricingAPIHandler.swift */; };
		04F074361EF549F200670F28 /* LoadingVC.swift in Sources */ = {isa = PBXBuildFile; fileRef = 047B8B0A1EF548580024C293 /* LoadingVC.swift */; };
		04F074371EF549F200670F28 /* LoadingVC.xib in Resources */ = {isa = PBXBuildFile; fileRef = 047B8B091EF548580024C293 /* LoadingVC.xib */; };
		04F074381EF549F200670F28 /* RouletteViewController.swift in Sources */ = {isa = PBXBuildFile; fileRef = 047B8B0C1EF548590024C293 /* RouletteViewController.swift */; };
		04F074391EF549F200670F28 /* SplashViewController.swift in Sources */ = {isa = PBXBuildFile; fileRef = 047B8B0E1EF548590024C293 /* SplashViewController.swift */; };
		04F0743A1EF549F200670F28 /* StepsVC.swift in Sources */ = {isa = PBXBuildFile; fileRef = 047B8B0B1EF548580024C293 /* StepsVC.swift */; };
		04F074401EF54B5900670F28 /* LocationTracker.swift in Sources */ = {isa = PBXBuildFile; fileRef = 04F0743F1EF54B5900670F28 /* LocationTracker.swift */; };
		04F074431EF55CD100670F28 /* TintedToggleButton.swift in Sources */ = {isa = PBXBuildFile; fileRef = 04F074421EF55CD100670F28 /* TintedToggleButton.swift */; };
		04F074451EF5692700670F28 /* Double+RoundTo.swift in Sources */ = {isa = PBXBuildFile; fileRef = 04F074441EF5692700670F28 /* Double+RoundTo.swift */; };
		644A007A1EF4118A0001A6C6 /* Globals.swift in Sources */ = {isa = PBXBuildFile; fileRef = 644A00791EF4118A0001A6C6 /* Globals.swift */; };
		644A00851EF423B10001A6C6 /* LegCell.swift in Sources */ = {isa = PBXBuildFile; fileRef = 644A00831EF423B10001A6C6 /* LegCell.swift */; };
/* End PBXBuildFile section */

/* Begin PBXFileReference section */
		041184311EF3B71C0054A00C /* TMAPIHandler.swift */ = {isa = PBXFileReference; lastKnownFileType = sourcecode.swift; path = TMAPIHandler.swift; sourceTree = "<group>"; };
		041184331EF3B7380054A00C /* EntityStuff.swift */ = {isa = PBXFileReference; lastKnownFileType = sourcecode.swift; path = EntityStuff.swift; sourceTree = "<group>"; };
		0411843C1EF3C2050054A00C /* GeoHashAPIHandler.swift */ = {isa = PBXFileReference; lastKnownFileType = sourcecode.swift; path = GeoHashAPIHandler.swift; sourceTree = "<group>"; };
		0432DB0B1F1B6E8C004EC04A /* Array+Random.swift */ = {isa = PBXFileReference; lastKnownFileType = sourcecode.swift; path = "Array+Random.swift"; sourceTree = "<group>"; };
		0432DB0E1F1B74EE004EC04A /* ChosenEventViewController.xib */ = {isa = PBXFileReference; lastKnownFileType = file.xib; path = ChosenEventViewController.xib; sourceTree = "<group>"; };
		0432DB0F1F1B74EE004EC04A /* ChosenEventViewController.swift */ = {isa = PBXFileReference; lastKnownFileType = sourcecode.swift; path = ChosenEventViewController.swift; sourceTree = "<group>"; };
		0432DB101F1B750C004EC04A /* ChosenEventViewModel.swift */ = {isa = PBXFileReference; lastKnownFileType = sourcecode.swift; path = ChosenEventViewModel.swift; sourceTree = "<group>"; };
		0432DB161F1B8319004EC04A /* String+Size.swift */ = {isa = PBXFileReference; lastKnownFileType = sourcecode.swift; path = "String+Size.swift"; sourceTree = "<group>"; };
		04408C891EF7F0E200788063 /* FetchEventsViewController.swift */ = {isa = PBXFileReference; lastKnownFileType = sourcecode.swift; path = FetchEventsViewController.swift; sourceTree = "<group>"; };
		04408C8B1EF7F1C600788063 /* Icons.xcassets */ = {isa = PBXFileReference; lastKnownFileType = folder.assetcatalog; path = Icons.xcassets; sourceTree = "<group>"; };
		04408C8D1EF7FC4500788063 /* CustomFadeInTransition.swift */ = {isa = PBXFileReference; lastKnownFileType = sourcecode.swift; path = CustomFadeInTransition.swift; sourceTree = "<group>"; };
		04408C8F1EF7FD2300788063 /* CustomFadeInNavigationControllerDelegate.swift */ = {isa = PBXFileReference; lastKnownFileType = sourcecode.swift; path = CustomFadeInNavigationControllerDelegate.swift; sourceTree = "<group>"; };
		04408C911EF8002200788063 /* DelayedSplashTransition.swift */ = {isa = PBXFileReference; lastKnownFileType = sourcecode.swift; path = DelayedSplashTransition.swift; sourceTree = "<group>"; };
		04408C941EF8044D00788063 /* EventEntity.swift */ = {isa = PBXFileReference; lastKnownFileType = sourcecode.swift; path = EventEntity.swift; sourceTree = "<group>"; };
		04408C961EF81EE900788063 /* FilterCollectionViewCell.swift */ = {isa = PBXFileReference; lastKnownFileType = sourcecode.swift; path = FilterCollectionViewCell.swift; sourceTree = "<group>"; };
		04408C9A1EF81FF000788063 /* FiltersViewController.swift */ = {isa = PBXFileReference; lastKnownFileType = sourcecode.swift; path = FiltersViewController.swift; sourceTree = "<group>"; };
		0452DEA31F000C93002E27CC /* EventEntityParser.swift */ = {isa = PBXFileReference; lastKnownFileType = sourcecode.swift; path = EventEntityParser.swift; sourceTree = "<group>"; };
		0452DEA51F000E33002E27CC /* UIView+Animation.swift */ = {isa = PBXFileReference; lastKnownFileType = sourcecode.swift; path = "UIView+Animation.swift"; sourceTree = "<group>"; };
		04705CFE1EF32B230011B236 /* GigRoulette.app */ = {isa = PBXFileReference; explicitFileType = wrapper.application; includeInIndex = 0; path = GigRoulette.app; sourceTree = BUILT_PRODUCTS_DIR; };
		04705D011EF32B230011B236 /* AppDelegate.swift */ = {isa = PBXFileReference; lastKnownFileType = sourcecode.swift; path = AppDelegate.swift; sourceTree = "<group>"; };
		04705D061EF32B230011B236 /* Base */ = {isa = PBXFileReference; lastKnownFileType = file.storyboard; name = Base; path = Base.lproj/Main.storyboard; sourceTree = "<group>"; };
		04705D081EF32B230011B236 /* Assets.xcassets */ = {isa = PBXFileReference; lastKnownFileType = folder.assetcatalog; path = Assets.xcassets; sourceTree = "<group>"; };
		04705D0B1EF32B230011B236 /* Base */ = {isa = PBXFileReference; lastKnownFileType = file.storyboard; name = Base; path = Base.lproj/LaunchScreen.storyboard; sourceTree = "<group>"; };
		04705D0D1EF32B230011B236 /* Info.plist */ = {isa = PBXFileReference; lastKnownFileType = text.plist.xml; path = Info.plist; sourceTree = "<group>"; };
		047B8AF21EF3F3A60024C293 /* TFLAPIHandler.swift */ = {isa = PBXFileReference; lastKnownFileType = sourcecode.swift; path = TFLAPIHandler.swift; sourceTree = "<group>"; };
		047B8AF41EF3F6200024C293 /* FiltersViewModel.swift */ = {isa = PBXFileReference; lastKnownFileType = sourcecode.swift; path = FiltersViewModel.swift; sourceTree = "<group>"; };
		047B8AF61EF3FFBA0024C293 /* EventsModel.swift */ = {isa = PBXFileReference; lastKnownFileType = sourcecode.swift; path = EventsModel.swift; sourceTree = "<group>"; };
		047B8AF81EF41BB10024C293 /* TMPricingAPIHandler.swift */ = {isa = PBXFileReference; lastKnownFileType = sourcecode.swift; path = TMPricingAPIHandler.swift; sourceTree = "<group>"; };
		047B8B091EF548580024C293 /* LoadingVC.xib */ = {isa = PBXFileReference; lastKnownFileType = file.xib; name = LoadingVC.xib; path = GigRoulette/ViewControllers/LoadingVC.xib; sourceTree = SOURCE_ROOT; };
		047B8B0A1EF548580024C293 /* LoadingVC.swift */ = {isa = PBXFileReference; lastKnownFileType = sourcecode.swift; name = LoadingVC.swift; path = GigRoulette/ViewControllers/LoadingVC.swift; sourceTree = SOURCE_ROOT; };
		047B8B0B1EF548580024C293 /* StepsVC.swift */ = {isa = PBXFileReference; lastKnownFileType = sourcecode.swift; name = StepsVC.swift; path = GigRoulette/ViewControllers/StepsVC.swift; sourceTree = SOURCE_ROOT; };
		047B8B0C1EF548590024C293 /* RouletteViewController.swift */ = {isa = PBXFileReference; lastKnownFileType = sourcecode.swift; name = RouletteViewController.swift; path = GigRoulette/ViewControllers/RouletteViewController.swift; sourceTree = SOURCE_ROOT; };
		047B8B0E1EF548590024C293 /* SplashViewController.swift */ = {isa = PBXFileReference; lastKnownFileType = sourcecode.swift; name = SplashViewController.swift; path = GigRoulette/ViewControllers/SplashViewController.swift; sourceTree = SOURCE_ROOT; };
		04F0743F1EF54B5900670F28 /* LocationTracker.swift */ = {isa = PBXFileReference; lastKnownFileType = sourcecode.swift; path = LocationTracker.swift; sourceTree = "<group>"; };
		04F074421EF55CD100670F28 /* TintedToggleButton.swift */ = {isa = PBXFileReference; lastKnownFileType = sourcecode.swift; name = TintedToggleButton.swift; path = "UI Elements/TintedToggleButton.swift"; sourceTree = "<group>"; };
		04F074441EF5692700670F28 /* Double+RoundTo.swift */ = {isa = PBXFileReference; lastKnownFileType = sourcecode.swift; path = "Double+RoundTo.swift"; sourceTree = "<group>"; };
		644A00791EF4118A0001A6C6 /* Globals.swift */ = {isa = PBXFileReference; lastKnownFileType = sourcecode.swift; path = Globals.swift; sourceTree = "<group>"; };
		644A00831EF423B10001A6C6 /* LegCell.swift */ = {isa = PBXFileReference; lastKnownFileType = sourcecode.swift; path = LegCell.swift; sourceTree = "<group>"; };
/* End PBXFileReference section */

/* Begin PBXFrameworksBuildPhase section */
		04705CFB1EF32B230011B236 /* Frameworks */ = {
			isa = PBXFrameworksBuildPhase;
			buildActionMask = 2147483647;
			files = (
			);
			runOnlyForDeploymentPostprocessing = 0;
		};
/* End PBXFrameworksBuildPhase section */

/* Begin PBXGroup section */
		040AD3281EF93B58009131F0 /* Assets */ = {
			isa = PBXGroup;
			children = (
				040AD3291EF93B67009131F0 /* Fonts */,
				04705D081EF32B230011B236 /* Assets.xcassets */,
				04408C8B1EF7F1C600788063 /* Icons.xcassets */,
			);
			path = Assets;
			sourceTree = "<group>";
		};
		040AD3291EF93B67009131F0 /* Fonts */ = {
			isa = PBXGroup;
			children = (
			);
			path = Fonts;
			sourceTree = "<group>";
		};
		0432DB0D1F1B74D5004EC04A /* Chosen Event */ = {
			isa = PBXGroup;
			children = (
				0432DB101F1B750C004EC04A /* ChosenEventViewModel.swift */,
				0432DB0F1F1B74EE004EC04A /* ChosenEventViewController.swift */,
				0432DB0E1F1B74EE004EC04A /* ChosenEventViewController.xib */,
			);
			path = "Chosen Event";
			sourceTree = "<group>";
		};
		04408C931EF8042100788063 /* Entities */ = {
			isa = PBXGroup;
			children = (
				041184331EF3B7380054A00C /* EntityStuff.swift */,
				04408C941EF8044D00788063 /* EventEntity.swift */,
			);
			path = Entities;
			sourceTree = "<group>";
		};
		04408C981EF81FC100788063 /* Filter CollectionView Cells */ = {
			isa = PBXGroup;
			children = (
				04408C961EF81EE900788063 /* FilterCollectionViewCell.swift */,
			);
			path = "Filter CollectionView Cells";
			sourceTree = "<group>";
		};
		04408C991EF81FCE00788063 /* Filter View Controller */ = {
			isa = PBXGroup;
			children = (
				047B8AF41EF3F6200024C293 /* FiltersViewModel.swift */,
				04408C9A1EF81FF000788063 /* FiltersViewController.swift */,
				04408C981EF81FC100788063 /* Filter CollectionView Cells */,
			);
			path = "Filter View Controller";
			sourceTree = "<group>";
		};
		0452DEA21F000C69002E27CC /* ObjectCreators */ = {
			isa = PBXGroup;
			children = (
				0452DEA31F000C93002E27CC /* EventEntityParser.swift */,
			);
			name = ObjectCreators;
			sourceTree = "<group>";
		};
		04705CF51EF32B230011B236 = {
			isa = PBXGroup;
			children = (
				04705D001EF32B230011B236 /* GigRoulette */,
				04705CFF1EF32B230011B236 /* Products */,
			);
			sourceTree = "<group>";
		};
		04705CFF1EF32B230011B236 /* Products */ = {
			isa = PBXGroup;
			children = (
				04705CFE1EF32B230011B236 /* GigRoulette.app */,
			);
			name = Products;
			sourceTree = "<group>";
		};
		04705D001EF32B230011B236 /* GigRoulette */ = {
			isa = PBXGroup;
			children = (
				04705D011EF32B230011B236 /* AppDelegate.swift */,
				644A00791EF4118A0001A6C6 /* Globals.swift */,
				04F074461EF5692F00670F28 /* Class Extensions */,
				04F0743E1EF54B4900670F28 /* Managers */,
				04F0743D1EF54AAE00670F28 /* API Handlers */,
				04F074471EF5705A00670F28 /* Models */,
				04408C931EF8042100788063 /* Entities */,
				04F074411EF55C9600670F28 /* UI Elements */,
				047B8B051EF548330024C293 /* ViewControllers */,
				040AD3281EF93B58009131F0 /* Assets */,
				04705D051EF32B230011B236 /* Main.storyboard */,
				04705D0A1EF32B230011B236 /* LaunchScreen.storyboard */,
				04705D0D1EF32B230011B236 /* Info.plist */,
			);
			path = GigRoulette;
			sourceTree = "<group>";
		};
		047B8B051EF548330024C293 /* ViewControllers */ = {
			isa = PBXGroup;
			children = (
				047B8B0E1EF548590024C293 /* SplashViewController.swift */,
				04408C891EF7F0E200788063 /* FetchEventsViewController.swift */,
				04408C991EF81FCE00788063 /* Filter View Controller */,
				047B8B0A1EF548580024C293 /* LoadingVC.swift */,
				047B8B091EF548580024C293 /* LoadingVC.xib */,
				0432DB0D1F1B74D5004EC04A /* Chosen Event */,
				047B8B0C1EF548590024C293 /* RouletteViewController.swift */,
				047B8B0B1EF548580024C293 /* StepsVC.swift */,
				644A00831EF423B10001A6C6 /* LegCell.swift */,
			);
			path = ViewControllers;
			sourceTree = "<group>";
		};
		04F0743D1EF54AAE00670F28 /* API Handlers */ = {
			isa = PBXGroup;
			children = (
				041184311EF3B71C0054A00C /* TMAPIHandler.swift */,
				047B8AF81EF41BB10024C293 /* TMPricingAPIHandler.swift */,
				047B8AF21EF3F3A60024C293 /* TFLAPIHandler.swift */,
				0411843C1EF3C2050054A00C /* GeoHashAPIHandler.swift */,
				0452DEA21F000C69002E27CC /* ObjectCreators */,
			);
			path = "API Handlers";
			sourceTree = "<group>";
		};
		04F0743E1EF54B4900670F28 /* Managers */ = {
			isa = PBXGroup;
			children = (
				04F0743F1EF54B5900670F28 /* LocationTracker.swift */,
			);
			path = Managers;
			sourceTree = "<group>";
		};
		04F074411EF55C9600670F28 /* UI Elements */ = {
			isa = PBXGroup;
			children = (
				04F074421EF55CD100670F28 /* TintedToggleButton.swift */,
				04408C8D1EF7FC4500788063 /* CustomFadeInTransition.swift */,
				04408C911EF8002200788063 /* DelayedSplashTransition.swift */,
				04408C8F1EF7FD2300788063 /* CustomFadeInNavigationControllerDelegate.swift */,
			);
			name = "UI Elements";
			sourceTree = "<group>";
		};
		04F074461EF5692F00670F28 /* Class Extensions */ = {
			isa = PBXGroup;
			children = (
				04F074441EF5692700670F28 /* Double+RoundTo.swift */,
				0452DEA51F000E33002E27CC /* UIView+Animation.swift */,
				0432DB0B1F1B6E8C004EC04A /* Array+Random.swift */,
				0432DB161F1B8319004EC04A /* String+Size.swift */,
			);
			path = "Class Extensions";
			sourceTree = "<group>";
		};
		04F074471EF5705A00670F28 /* Models */ = {
			isa = PBXGroup;
			children = (
				047B8AF61EF3FFBA0024C293 /* EventsModel.swift */,
			);
			path = Models;
			sourceTree = "<group>";
		};
/* End PBXGroup section */

/* Begin PBXNativeTarget section */
		04705CFD1EF32B230011B236 /* GigRoulette */ = {
			isa = PBXNativeTarget;
			buildConfigurationList = 04705D101EF32B230011B236 /* Build configuration list for PBXNativeTarget "GigRoulette" */;
			buildPhases = (
				04705CFA1EF32B230011B236 /* Sources */,
				04705CFB1EF32B230011B236 /* Frameworks */,
				04705CFC1EF32B230011B236 /* Resources */,
			);
			buildRules = (
			);
			dependencies = (
			);
			name = GigRoulette;
			productName = GigRoulette;
			productReference = 04705CFE1EF32B230011B236 /* GigRoulette.app */;
			productType = "com.apple.product-type.application";
		};
/* End PBXNativeTarget section */

/* Begin PBXProject section */
		04705CF61EF32B230011B236 /* Project object */ = {
			isa = PBXProject;
			attributes = {
				LastSwiftUpdateCheck = 0900;
				LastUpgradeCheck = 0900;
				ORGANIZATIONNAME = apple;
				TargetAttributes = {
					04705CFD1EF32B230011B236 = {
						CreatedOnToolsVersion = 9.0;
					};
				};
			};
			buildConfigurationList = 04705CF91EF32B230011B236 /* Build configuration list for PBXProject "GigRoulette" */;
			compatibilityVersion = "Xcode 8.0";
			developmentRegion = en;
			hasScannedForEncodings = 0;
			knownRegions = (
				en,
				Base,
			);
			mainGroup = 04705CF51EF32B230011B236;
			productRefGroup = 04705CFF1EF32B230011B236 /* Products */;
			projectDirPath = "";
			projectRoot = "";
			targets = (
				04705CFD1EF32B230011B236 /* GigRoulette */,
			);
		};
/* End PBXProject section */

/* Begin PBXResourcesBuildPhase section */
		04705CFC1EF32B230011B236 /* Resources */ = {
			isa = PBXResourcesBuildPhase;
			buildActionMask = 2147483647;
			files = (
				04F074371EF549F200670F28 /* LoadingVC.xib in Resources */,
				04705D0C1EF32B230011B236 /* LaunchScreen.storyboard in Resources */,
				04705D091EF32B230011B236 /* Assets.xcassets in Resources */,
				04408C8C1EF7F1C600788063 /* Icons.xcassets in Resources */,
				04705D071EF32B230011B236 /* Main.storyboard in Resources */,
				0432DB131F1B7588004EC04A /* ChosenEventViewController.xib in Resources */,
			);
			runOnlyForDeploymentPostprocessing = 0;
		};
/* End PBXResourcesBuildPhase section */

/* Begin PBXSourcesBuildPhase section */
		04705CFA1EF32B230011B236 /* Sources */ = {
			isa = PBXSourcesBuildPhase;
			buildActionMask = 2147483647;
			files = (
				04F0743A1EF549F200670F28 /* StepsVC.swift in Sources */,
				04408C8E1EF7FC4500788063 /* CustomFadeInTransition.swift in Sources */,
				04408C971EF81EE900788063 /* FilterCollectionViewCell.swift in Sources */,
				0411843D1EF3C2050054A00C /* GeoHashAPIHandler.swift in Sources */,
				047B8AF51EF3F6200024C293 /* FiltersViewModel.swift in Sources */,
				04F074361EF549F200670F28 /* LoadingVC.swift in Sources */,
				047B8AF71EF3FFBA0024C293 /* EventsModel.swift in Sources */,
				0432DB171F1B8319004EC04A /* String+Size.swift in Sources */,
				0432DB111F1B750C004EC04A /* ChosenEventViewModel.swift in Sources */,
				041184321EF3B71C0054A00C /* TMAPIHandler.swift in Sources */,
				644A00851EF423B10001A6C6 /* LegCell.swift in Sources */,
				04F074381EF549F200670F28 /* RouletteViewController.swift in Sources */,
				644A007A1EF4118A0001A6C6 /* Globals.swift in Sources */,
				04F074401EF54B5900670F28 /* LocationTracker.swift in Sources */,
				0452DEA41F000C93002E27CC /* EventEntityParser.swift in Sources */,
				047B8AF31EF3F3A60024C293 /* TFLAPIHandler.swift in Sources */,
				04408C921EF8002200788063 /* DelayedSplashTransition.swift in Sources */,
				0432DB121F1B7583004EC04A /* ChosenEventViewController.swift in Sources */,
				04F074391EF549F200670F28 /* SplashViewController.swift in Sources */,
				04408C8A1EF7F0E200788063 /* FetchEventsViewController.swift in Sources */,
				04408C901EF7FD2300788063 /* CustomFadeInNavigationControllerDelegate.swift in Sources */,
				04F074451EF5692700670F28 /* Double+RoundTo.swift in Sources */,
				0452DEA61F000E33002E27CC /* UIView+Animation.swift in Sources */,
				04408C9B1EF8209B00788063 /* FiltersViewController.swift in Sources */,
				04F074431EF55CD100670F28 /* TintedToggleButton.swift in Sources */,
				04408C951EF8044D00788063 /* EventEntity.swift in Sources */,
				0432DB0C1F1B6E8C004EC04A /* Array+Random.swift in Sources */,
				047B8AF91EF41BB10024C293 /* TMPricingAPIHandler.swift in Sources */,
				041184341EF3B7380054A00C /* EntityStuff.swift in Sources */,
				04705D021EF32B230011B236 /* AppDelegate.swift in Sources */,
			);
			runOnlyForDeploymentPostprocessing = 0;
		};
/* End PBXSourcesBuildPhase section */

/* Begin PBXVariantGroup section */
		04705D051EF32B230011B236 /* Main.storyboard */ = {
			isa = PBXVariantGroup;
			children = (
				04705D061EF32B230011B236 /* Base */,
			);
			name = Main.storyboard;
			sourceTree = "<group>";
		};
		04705D0A1EF32B230011B236 /* LaunchScreen.storyboard */ = {
			isa = PBXVariantGroup;
			children = (
				04705D0B1EF32B230011B236 /* Base */,
			);
			name = LaunchScreen.storyboard;
			sourceTree = "<group>";
		};
/* End PBXVariantGroup section */

/* Begin XCBuildConfiguration section */
		04705D0E1EF32B230011B236 /* Debug */ = {
			isa = XCBuildConfiguration;
			buildSettings = {
				ALWAYS_SEARCH_USER_PATHS = NO;
				CLANG_ANALYZER_NONNULL = YES;
				CLANG_ANALYZER_NUMBER_OBJECT_CONVERSION = YES_AGGRESSIVE;
				CLANG_CXX_LANGUAGE_STANDARD = "gnu++14";
				CLANG_CXX_LIBRARY = "libc++";
				CLANG_ENABLE_MODULES = YES;
				CLANG_ENABLE_OBJC_ARC = YES;
				CLANG_WARN_BLOCK_CAPTURE_AUTORELEASING = YES;
				CLANG_WARN_BOOL_CONVERSION = YES;
				CLANG_WARN_COMMA = YES;
				CLANG_WARN_CONSTANT_CONVERSION = YES;
				CLANG_WARN_DIRECT_OBJC_ISA_USAGE = YES_ERROR;
				CLANG_WARN_DOCUMENTATION_COMMENTS = YES;
				CLANG_WARN_EMPTY_BODY = YES;
				CLANG_WARN_ENUM_CONVERSION = YES;
				CLANG_WARN_INFINITE_RECURSION = YES;
				CLANG_WARN_INT_CONVERSION = YES;
				CLANG_WARN_NON_LITERAL_NULL_CONVERSION = YES;
				CLANG_WARN_OBJC_LITERAL_CONVERSION = YES;
				CLANG_WARN_OBJC_ROOT_CLASS = YES_ERROR;
				CLANG_WARN_RANGE_LOOP_ANALYSIS = YES;
				CLANG_WARN_STRICT_PROTOTYPES = YES;
				CLANG_WARN_SUSPICIOUS_MOVE = YES;
				CLANG_WARN_UNGUARDED_AVAILABILITY = YES_AGGRESSIVE;
				CLANG_WARN_UNREACHABLE_CODE = YES;
				CLANG_WARN__DUPLICATE_METHOD_MATCH = YES;
				CODE_SIGN_IDENTITY = "iPhone Developer";
				COPY_PHASE_STRIP = NO;
				DEBUG_INFORMATION_FORMAT = dwarf;
				ENABLE_STRICT_OBJC_MSGSEND = YES;
				ENABLE_TESTABILITY = YES;
				GCC_C_LANGUAGE_STANDARD = gnu11;
				GCC_DYNAMIC_NO_PIC = NO;
				GCC_NO_COMMON_BLOCKS = YES;
				GCC_OPTIMIZATION_LEVEL = 0;
				GCC_PREPROCESSOR_DEFINITIONS = (
					"DEBUG=1",
					"$(inherited)",
				);
				GCC_WARN_64_TO_32_BIT_CONVERSION = YES;
				GCC_WARN_ABOUT_RETURN_TYPE = YES_ERROR;
				GCC_WARN_UNDECLARED_SELECTOR = YES;
				GCC_WARN_UNINITIALIZED_AUTOS = YES_AGGRESSIVE;
				GCC_WARN_UNUSED_FUNCTION = YES;
				GCC_WARN_UNUSED_VARIABLE = YES;
				IPHONEOS_DEPLOYMENT_TARGET = 11.0;
				MTL_ENABLE_DEBUG_INFO = YES;
				ONLY_ACTIVE_ARCH = YES;
				SDKROOT = iphoneos;
				SWIFT_ACTIVE_COMPILATION_CONDITIONS = DEBUG;
				SWIFT_OPTIMIZATION_LEVEL = "-Onone";
			};
			name = Debug;
		};
		04705D0F1EF32B230011B236 /* Release */ = {
			isa = XCBuildConfiguration;
			buildSettings = {
				ALWAYS_SEARCH_USER_PATHS = NO;
				CLANG_ANALYZER_NONNULL = YES;
				CLANG_ANALYZER_NUMBER_OBJECT_CONVERSION = YES_AGGRESSIVE;
				CLANG_CXX_LANGUAGE_STANDARD = "gnu++14";
				CLANG_CXX_LIBRARY = "libc++";
				CLANG_ENABLE_MODULES = YES;
				CLANG_ENABLE_OBJC_ARC = YES;
				CLANG_WARN_BLOCK_CAPTURE_AUTORELEASING = YES;
				CLANG_WARN_BOOL_CONVERSION = YES;
				CLANG_WARN_COMMA = YES;
				CLANG_WARN_CONSTANT_CONVERSION = YES;
				CLANG_WARN_DIRECT_OBJC_ISA_USAGE = YES_ERROR;
				CLANG_WARN_DOCUMENTATION_COMMENTS = YES;
				CLANG_WARN_EMPTY_BODY = YES;
				CLANG_WARN_ENUM_CONVERSION = YES;
				CLANG_WARN_INFINITE_RECURSION = YES;
				CLANG_WARN_INT_CONVERSION = YES;
				CLANG_WARN_NON_LITERAL_NULL_CONVERSION = YES;
				CLANG_WARN_OBJC_LITERAL_CONVERSION = YES;
				CLANG_WARN_OBJC_ROOT_CLASS = YES_ERROR;
				CLANG_WARN_RANGE_LOOP_ANALYSIS = YES;
				CLANG_WARN_STRICT_PROTOTYPES = YES;
				CLANG_WARN_SUSPICIOUS_MOVE = YES;
				CLANG_WARN_UNGUARDED_AVAILABILITY = YES_AGGRESSIVE;
				CLANG_WARN_UNREACHABLE_CODE = YES;
				CLANG_WARN__DUPLICATE_METHOD_MATCH = YES;
				CODE_SIGN_IDENTITY = "iPhone Developer";
				COPY_PHASE_STRIP = NO;
				DEBUG_INFORMATION_FORMAT = "dwarf-with-dsym";
				ENABLE_NS_ASSERTIONS = NO;
				ENABLE_STRICT_OBJC_MSGSEND = YES;
				GCC_C_LANGUAGE_STANDARD = gnu11;
				GCC_NO_COMMON_BLOCKS = YES;
				GCC_WARN_64_TO_32_BIT_CONVERSION = YES;
				GCC_WARN_ABOUT_RETURN_TYPE = YES_ERROR;
				GCC_WARN_UNDECLARED_SELECTOR = YES;
				GCC_WARN_UNINITIALIZED_AUTOS = YES_AGGRESSIVE;
				GCC_WARN_UNUSED_FUNCTION = YES;
				GCC_WARN_UNUSED_VARIABLE = YES;
				IPHONEOS_DEPLOYMENT_TARGET = 11.0;
				MTL_ENABLE_DEBUG_INFO = NO;
				SDKROOT = iphoneos;
				SWIFT_OPTIMIZATION_LEVEL = "-Owholemodule";
				VALIDATE_PRODUCT = YES;
			};
			name = Release;
		};
		04705D111EF32B230011B236 /* Debug */ = {
			isa = XCBuildConfiguration;
			buildSettings = {
				ASSETCATALOG_COMPILER_APPICON_NAME = AppIcon;
				DEVELOPMENT_TEAM = BL7QL4ZK6J;
				INFOPLIST_FILE = GigRoulette/Info.plist;
				IPHONEOS_DEPLOYMENT_TARGET = 11.0;
				LD_RUNPATH_SEARCH_PATHS = "$(inherited) @executable_path/Frameworks";
				PRODUCT_BUNDLE_IDENTIFIER = "com.creative-Coder.GigRoulette";
				PRODUCT_NAME = "$(TARGET_NAME)";
				SWIFT_VERSION = 4.0;
				TARGETED_DEVICE_FAMILY = "1,2";
			};
			name = Debug;
		};
		04705D121EF32B230011B236 /* Release */ = {
			isa = XCBuildConfiguration;
			buildSettings = {
				ASSETCATALOG_COMPILER_APPICON_NAME = AppIcon;
				DEVELOPMENT_TEAM = BL7QL4ZK6J;
				INFOPLIST_FILE = GigRoulette/Info.plist;
				IPHONEOS_DEPLOYMENT_TARGET = 11.0;
				LD_RUNPATH_SEARCH_PATHS = "$(inherited) @executable_path/Frameworks";
				PRODUCT_BUNDLE_IDENTIFIER = "com.creative-Coder.GigRoulette";
				PRODUCT_NAME = "$(TARGET_NAME)";
				SWIFT_VERSION = 4.0;
				TARGETED_DEVICE_FAMILY = "1,2";
			};
			name = Release;
		};
/* End XCBuildConfiguration section */

/* Begin XCConfigurationList section */
		04705CF91EF32B230011B236 /* Build configuration list for PBXProject "GigRoulette" */ = {
			isa = XCConfigurationList;
			buildConfigurations = (
				04705D0E1EF32B230011B236 /* Debug */,
				04705D0F1EF32B230011B236 /* Release */,
			);
			defaultConfigurationIsVisible = 0;
			defaultConfigurationName = Release;
		};
		04705D101EF32B230011B236 /* Build configuration list for PBXNativeTarget "GigRoulette" */ = {
			isa = XCConfigurationList;
			buildConfigurations = (
				04705D111EF32B230011B236 /* Debug */,
				04705D121EF32B230011B236 /* Release */,
			);
			defaultConfigurationIsVisible = 0;
			defaultConfigurationName = Release;
		};
/* End XCConfigurationList section */
	};
	rootObject = 04705CF61EF32B230011B236 /* Project object */;
}
